
Microsoft Visual Studio Solution File, Format Version 12.00
# Visual Studio Version 17
VisualStudioVersion = 17.9.34728.123
MinimumVisualStudioVersion = 10.0.40219.1
Project("{FAE04EC0-301F-11D3-BF4B-00C04F79EFBC}") = "Car seller", "Car seller\Car seller.csproj", "{81BAF6CB-1A92-4112-9E38-DDAED87F4801}"
EndProject
Global
	GlobalSection(SolutionConfigurationPlatforms) = preSolution
		Debug|Any CPU = Debug|Any CPU
		Release|Any CPU = Release|Any CPU
	EndGlobalSection
	GlobalSection(ProjectConfigurationPlatforms) = postSolution
		{81BAF6CB-1A92-4112-9E38-DDAED87F4801}.Debug|Any CPU.ActiveCfg = Debug|Any CPU
		{81BAF6CB-1A92-4112-9E38-DDAED87F4801}.Debug|Any CPU.Build.0 = Debug|Any CPU
		{81BAF6CB-1A92-4112-9E38-DDAED87F4801}.Release|Any CPU.ActiveCfg = Release|Any CPU
		{81BAF6CB-1A92-4112-9E38-DDAED87F4801}.Release|Any CPU.Build.0 = Release|Any CPU
	EndGlobalSection
	GlobalSection(SolutionProperties) = preSolution
		HideSolutionNode = FALSE
	EndGlobalSection
	GlobalSection(ExtensibilityGlobals) = postSolution
		SolutionGuid = {46D4010B-2F00-4717-A078-5BF3114659C2}
	EndGlobalSection
EndGlobal
